<?xml version="1.0" encoding="utf-8"?>
<Project ToolsVersion="4.0" xmlns="http://schemas.microsoft.com/developer/msbuild/2003">
  <ItemGroup>
    <ClCompile Include="main.cpp" />
    <ClCompile Include="Components\Ntt.cpp" />
    <ClCompile Include="Components\Transform.cpp" />
  </ItemGroup>
  <ItemGroup>
    <ClInclude Include="Common\Common.h" />
    <ClInclude Include="Common\Primivs.h" />
    <ClInclude Include="Common\Id.h" />
    <ClInclude Include="Components\Ntt.h" />
    <ClInclude Include="Components\Component.h" />
    <ClInclude Include="Components\Transform.h" />
    <ClInclude Include="Utilities\Utils.h" />
    <ClInclude Include="NGYN API\Entity.h" />
    <ClInclude Include="NGYN API\Transform.h" />
    <ClInclude Include="Utilities\Math.h" />
  </ItemGroup>
</Project>