<?xml version="1.0" encoding="utf-8"?>
<Project ToolsVersion="4.0" xmlns="http://schemas.microsoft.com/developer/msbuild/2003">
  <ItemGroup>
    <ClCompile Include="Main.cpp" />
    <ClCompile Include="MainWindow.cpp" />
    <ClCompile Include="QtCustom\QTriangleWindow.h">
      <Filter>QtCustom</Filter>
    </ClCompile>
    <ClCompile Include="System\ConfigManager.cpp">
      <Filter>System</Filter>
    </ClCompile>
    <ClCompile Include="QtCustom\QSearchBar.cpp">
      <Filter>QtCustom</Filter>
    </ClCompile>
  </ItemGroup>
  <ItemGroup>
    <ClInclude Include="MainWindow.h" />
    <ClInclude Include="UI_Main.h" />
    <ClInclude Include="UI_ProjectSelection.h" />
    <ClInclude Include="System\ConfigManager.h">
      <Filter>System</Filter>
    </ClInclude>
    <ClInclude Include="UI_SearchBar.h" />
    <ClInclude Include="QtCustom\QSearchBar.h">
      <Filter>QtCustom</Filter>
    </ClInclude>
  </ItemGroup>
  <ItemGroup>
    <None Include="ui\update_ui.bat">
      <Filter>ui</Filter>
    </None>
    <None Include="ui\UI_Main.ui">
      <Filter>ui</Filter>
    </None>
    <None Include="ui\UI_ProjectSelection.ui">
      <Filter>ui</Filter>
    </None>
  </ItemGroup>
  <ItemGroup>
    <Filter Include="ui">
      <UniqueIdentifier>{7c57e61d-fa43-4ae1-b1ec-3c91dc8d5f98}</UniqueIdentifier>
    </Filter>
    <Filter Include="QtCustom">
      <UniqueIdentifier>{01f6c088-8d2c-41ee-8f83-7a3e90ced004}</UniqueIdentifier>
    </Filter>
    <Filter Include="System">
      <UniqueIdentifier>{e3738f83-68c6-4ae9-b661-e6652651eec9}</UniqueIdentifier>
    </Filter>
  </ItemGroup>
</Project>