<?xml version="1.0" encoding="utf-8"?>
<Project ToolsVersion="4.0" xmlns="http://schemas.microsoft.com/developer/msbuild/2003">
  <ItemGroup>
    <ClCompile Include="Main.cpp" />
    <ClCompile Include="MainWindow.cpp" />
    <ClCompile Include="Managers\ConfigManager.cpp">
      <Filter>System</Filter>
    </ClCompile>
    <ClCompile Include="UI\QtCustom\QDockTitle.cpp" />
    <ClCompile Include="UI\QtCustom\QDockWindow.cpp" />
    <ClCompile Include="UI\QtCustom\QSearchBar.cpp" />
    <ClCompile Include="UI\QtCustom\QSearchList.cpp" />
    <ClCompile Include="UI\QtCustom\QTitleBar.cpp" />
    <ClCompile Include="UI\QtCustom\QRenderer.cpp" />
  </ItemGroup>
  <ItemGroup>
    <ClInclude Include="MainWindow.h" />
    <ClInclude Include="Managers\ConfigManager.h">
      <Filter>System</Filter>
    </ClInclude>
    <ClInclude Include="resource.h" />
    <ClInclude Include="Managers\LibManager.h" />
    <ClInclude Include="UI\ProjectSelection.h" />
    <ClInclude Include="UI\QtCustom\QDockTitle.h" />
    <ClInclude Include="UI\QtCustom\QDockWindow.h" />
    <ClInclude Include="UI\QtCustom\QSearchBar.h" />
    <ClInclude Include="UI\QtCustom\QSearchList.h" />
    <ClInclude Include="UI\QtCustom\QTitleBar.h" />
    <ClInclude Include="UI\QtCustom\QTriangleWindow.h" />
    <ClInclude Include="Components\Entity.h" />
    <ClInclude Include="Common\Block.h" />
    <ClInclude Include="Utilities\Logger.h" />
    <ClInclude Include="Common\Command.h" />
    <ClInclude Include="Utilities\Warning.h" />
    <ClInclude Include="UI\Editor.h" />
    <ClInclude Include="UI\QtCustom\QRenderer.h" />
  </ItemGroup>
  <ItemGroup>
    <None Include="UI\update_ui.bat">
      <Filter>ui</Filter>
    </None>
    <None Include="ui\Resources\Base.qrc" />
  </ItemGroup>
  <ItemGroup>
    <Filter Include="ui">
      <UniqueIdentifier>{7c57e61d-fa43-4ae1-b1ec-3c91dc8d5f98}</UniqueIdentifier>
    </Filter>
    <Filter Include="System">
      <UniqueIdentifier>{e3738f83-68c6-4ae9-b661-e6652651eec9}</UniqueIdentifier>
    </Filter>
  </ItemGroup>
  <ItemGroup>
    <ResourceCompile Include="ADTOR.rc" />
  </ItemGroup>
  <ItemGroup>
    <Image Include="..\bin\res\Logo\favicon.ico" />
  </ItemGroup>
</Project>